
Microsoft Visual Studio Solution File, Format Version 12.00
Project("{FAE04EC0-301F-11D3-BF4B-00C04F79EFBC}") = "HerrGeneral.Core", "src\HerrGeneral.Core\HerrGeneral.Core.csproj", "{A3FF80D0-6D34-49DE-B599-13E26F15DE6D}"
EndProject
Project("{FAE04EC0-301F-11D3-BF4B-00C04F79EFBC}") = "HerrGeneral.Contracts", "src\HerrGeneral.Contracts\HerrGeneral.Contracts.csproj", "{AC8C1C87-765A-4C2D-B5A6-DD3159C2DEF5}"
EndProject
Project("{FAE04EC0-301F-11D3-BF4B-00C04F79EFBC}") = "HerrGeneral.Test", "test\HerrGeneral.Test\HerrGeneral.Test.csproj", "{ACC3D7D1-1E3D-48C2-B0DC-6D14519D225A}"
EndProject
Project("{FAE04EC0-301F-11D3-BF4B-00C04F79EFBC}") = "HerrGeneral.Test.Extension", "src\HerrGeneral.Test.Extension\HerrGeneral.Test.Extension.csproj", "{A061D5F3-2F73-4297-98D6-9F0923C14C2A}"
EndProject
Project("{FAE04EC0-301F-11D3-BF4B-00C04F79EFBC}") = "HerrGeneral.WriteSide", "src\HerrGeneral.WriteSide\HerrGeneral.WriteSide.csproj", "{B73526C2-C81B-42B2-8EC6-960537B7C628}"
EndProject
Project("{FAE04EC0-301F-11D3-BF4B-00C04F79EFBC}") = "HerrGeneral.ReadSide", "src\HerrGeneral.ReadSide\HerrGeneral.ReadSide.csproj", "{682C0E83-D0CD-483B-8155-A5FEE8B23384}"
EndProject
Project("{FAE04EC0-301F-11D3-BF4B-00C04F79EFBC}") = "HerrGeneral.WriteSide.DDD", "src\HerrGeneral.WriteSide.DDD\HerrGeneral.WriteSide.DDD.csproj", "{C4DA763E-F9F6-486C-98DE-D48271851127}"
EndProject
Project("{FAE04EC0-301F-11D3-BF4B-00C04F79EFBC}") = "HerrGeneral.WriteSide.DDD.Test", "test\HerrGeneral.WriteSide.DDD.Test\HerrGeneral.WriteSide.DDD.Test.csproj", "{9E4DF3FE-1EDF-4897-A280-83C3134AC418}"
EndProject
Project("{FAE04EC0-301F-11D3-BF4B-00C04F79EFBC}") = "HerrGeneral.SampleApplication", "src\HerrGeneral.SampleApplication\HerrGeneral.SampleApplication.csproj", "{8521A870-8B18-4D31-BBF8-1E77EC792DCC}"
EndProject
Global
	GlobalSection(SolutionConfigurationPlatforms) = preSolution
		Debug|Any CPU = Debug|Any CPU
		Release|Any CPU = Release|Any CPU
	EndGlobalSection
	GlobalSection(ProjectConfigurationPlatforms) = postSolution
		{A3FF80D0-6D34-49DE-B599-13E26F15DE6D}.Debug|Any CPU.ActiveCfg = Debug|Any CPU
		{A3FF80D0-6D34-49DE-B599-13E26F15DE6D}.Debug|Any CPU.Build.0 = Debug|Any CPU
		{A3FF80D0-6D34-49DE-B599-13E26F15DE6D}.Release|Any CPU.ActiveCfg = Release|Any CPU
		{A3FF80D0-6D34-49DE-B599-13E26F15DE6D}.Release|Any CPU.Build.0 = Release|Any CPU
		{AC8C1C87-765A-4C2D-B5A6-DD3159C2DEF5}.Debug|Any CPU.ActiveCfg = Debug|Any CPU
		{AC8C1C87-765A-4C2D-B5A6-DD3159C2DEF5}.Debug|Any CPU.Build.0 = Debug|Any CPU
		{AC8C1C87-765A-4C2D-B5A6-DD3159C2DEF5}.Release|Any CPU.ActiveCfg = Release|Any CPU
		{AC8C1C87-765A-4C2D-B5A6-DD3159C2DEF5}.Release|Any CPU.Build.0 = Release|Any CPU
		{ACC3D7D1-1E3D-48C2-B0DC-6D14519D225A}.Debug|Any CPU.ActiveCfg = Debug|Any CPU
		{ACC3D7D1-1E3D-48C2-B0DC-6D14519D225A}.Debug|Any CPU.Build.0 = Debug|Any CPU
		{ACC3D7D1-1E3D-48C2-B0DC-6D14519D225A}.Release|Any CPU.ActiveCfg = Release|Any CPU
		{ACC3D7D1-1E3D-48C2-B0DC-6D14519D225A}.Release|Any CPU.Build.0 = Release|Any CPU
		{A061D5F3-2F73-4297-98D6-9F0923C14C2A}.Debug|Any CPU.ActiveCfg = Debug|Any CPU
		{A061D5F3-2F73-4297-98D6-9F0923C14C2A}.Debug|Any CPU.Build.0 = Debug|Any CPU
		{A061D5F3-2F73-4297-98D6-9F0923C14C2A}.Release|Any CPU.ActiveCfg = Release|Any CPU
		{A061D5F3-2F73-4297-98D6-9F0923C14C2A}.Release|Any CPU.Build.0 = Release|Any CPU
		{B73526C2-C81B-42B2-8EC6-960537B7C628}.Debug|Any CPU.ActiveCfg = Debug|Any CPU
		{B73526C2-C81B-42B2-8EC6-960537B7C628}.Debug|Any CPU.Build.0 = Debug|Any CPU
		{B73526C2-C81B-42B2-8EC6-960537B7C628}.Release|Any CPU.ActiveCfg = Release|Any CPU
		{B73526C2-C81B-42B2-8EC6-960537B7C628}.Release|Any CPU.Build.0 = Release|Any CPU
		{682C0E83-D0CD-483B-8155-A5FEE8B23384}.Debug|Any CPU.ActiveCfg = Debug|Any CPU
		{682C0E83-D0CD-483B-8155-A5FEE8B23384}.Debug|Any CPU.Build.0 = Debug|Any CPU
		{682C0E83-D0CD-483B-8155-A5FEE8B23384}.Release|Any CPU.ActiveCfg = Release|Any CPU
		{682C0E83-D0CD-483B-8155-A5FEE8B23384}.Release|Any CPU.Build.0 = Release|Any CPU
		{C4DA763E-F9F6-486C-98DE-D48271851127}.Debug|Any CPU.ActiveCfg = Debug|Any CPU
		{C4DA763E-F9F6-486C-98DE-D48271851127}.Debug|Any CPU.Build.0 = Debug|Any CPU
		{C4DA763E-F9F6-486C-98DE-D48271851127}.Release|Any CPU.ActiveCfg = Release|Any CPU
		{C4DA763E-F9F6-486C-98DE-D48271851127}.Release|Any CPU.Build.0 = Release|Any CPU
		{9E4DF3FE-1EDF-4897-A280-83C3134AC418}.Debug|Any CPU.ActiveCfg = Debug|Any CPU
		{9E4DF3FE-1EDF-4897-A280-83C3134AC418}.Debug|Any CPU.Build.0 = Debug|Any CPU
		{9E4DF3FE-1EDF-4897-A280-83C3134AC418}.Release|Any CPU.ActiveCfg = Release|Any CPU
		{9E4DF3FE-1EDF-4897-A280-83C3134AC418}.Release|Any CPU.Build.0 = Release|Any CPU
		{8521A870-8B18-4D31-BBF8-1E77EC792DCC}.Debug|Any CPU.ActiveCfg = Debug|Any CPU
		{8521A870-8B18-4D31-BBF8-1E77EC792DCC}.Debug|Any CPU.Build.0 = Debug|Any CPU
		{8521A870-8B18-4D31-BBF8-1E77EC792DCC}.Release|Any CPU.ActiveCfg = Release|Any CPU
		{8521A870-8B18-4D31-BBF8-1E77EC792DCC}.Release|Any CPU.Build.0 = Release|Any CPU
	EndGlobalSection
EndGlobal
